
Microsoft Visual Studio Solution File, Format Version 12.00
# Visual Studio 15
VisualStudioVersion = 15.0.28307.421
MinimumVisualStudioVersion = 10.0.40219.1
Project("{9A19103F-16F7-4668-BE54-9A1E7A4F7556}") = "Web_HW03", "Web_HW03\Web_HW03.csproj", "{F4DDA058-B71F-42D3-A924-66063A7FC21D}"
EndProject
Project("{FAE04EC0-301F-11D3-BF4B-00C04F79EFBC}") = "NUnitTestProject1", "NUnitTestProject1\NUnitTestProject1.csproj", "{3A703CDF-E139-4F23-90A7-FB3AB19DEC7A}"
EndProject
Global
	GlobalSection(SolutionConfigurationPlatforms) = preSolution
		Debug|Any CPU = Debug|Any CPU
		Release|Any CPU = Release|Any CPU
	EndGlobalSection
	GlobalSection(ProjectConfigurationPlatforms) = postSolution
		{F4DDA058-B71F-42D3-A924-66063A7FC21D}.Debug|Any CPU.ActiveCfg = Debug|Any CPU
		{F4DDA058-B71F-42D3-A924-66063A7FC21D}.Debug|Any CPU.Build.0 = Debug|Any CPU
		{F4DDA058-B71F-42D3-A924-66063A7FC21D}.Release|Any CPU.ActiveCfg = Release|Any CPU
		{F4DDA058-B71F-42D3-A924-66063A7FC21D}.Release|Any CPU.Build.0 = Release|Any CPU
		{3A703CDF-E139-4F23-90A7-FB3AB19DEC7A}.Debug|Any CPU.ActiveCfg = Debug|Any CPU
		{3A703CDF-E139-4F23-90A7-FB3AB19DEC7A}.Debug|Any CPU.Build.0 = Debug|Any CPU
		{3A703CDF-E139-4F23-90A7-FB3AB19DEC7A}.Release|Any CPU.ActiveCfg = Release|Any CPU
		{3A703CDF-E139-4F23-90A7-FB3AB19DEC7A}.Release|Any CPU.Build.0 = Release|Any CPU
	EndGlobalSection
	GlobalSection(SolutionProperties) = preSolution
		HideSolutionNode = FALSE
	EndGlobalSection
	GlobalSection(ExtensibilityGlobals) = postSolution
		SolutionGuid = {76440C65-A5F2-454C-81D7-521F8F313FC3}
	EndGlobalSection
EndGlobal
